// !$*UTF8*$!
{
	archiveVersion = 1;
	classes = {
	};
	objectVersion = 50;
	objects = {

/* Begin PBXBuildFile section */
		EC1FF55026E14D58005BF515 /* AppCoordinator.swift in Sources */ = {isa = PBXBuildFile; fileRef = EC1FF54F26E14D58005BF515 /* AppCoordinator.swift */; };
		EC1FF55226E1559B005BF515 /* EventListCoordinator.swift in Sources */ = {isa = PBXBuildFile; fileRef = EC1FF55126E1559B005BF515 /* EventListCoordinator.swift */; };
		EC1FF55426E157B9005BF515 /* EventListViewController.swift in Sources */ = {isa = PBXBuildFile; fileRef = EC1FF55326E157B9005BF515 /* EventListViewController.swift */; };
		EC1FF55626E15D05005BF515 /* UIColor+Extensions.swift in Sources */ = {isa = PBXBuildFile; fileRef = EC1FF55526E15D05005BF515 /* UIColor+Extensions.swift */; };
		ECE9091626E2AFF60026EF59 /* EventsApp.xcdatamodeld in Sources */ = {isa = PBXBuildFile; fileRef = ECE9091426E2AFF60026EF59 /* EventsApp.xcdatamodeld */; };
		ECE9091926E2B13A0026EF59 /* CoreDataManager.swift in Sources */ = {isa = PBXBuildFile; fileRef = ECE9091826E2B13A0026EF59 /* CoreDataManager.swift */; };
		ECE9091B26E4017A0026EF59 /* EventListViewModel.swift in Sources */ = {isa = PBXBuildFile; fileRef = ECE9091A26E4017A0026EF59 /* EventListViewModel.swift */; };
		ECEAB33326D56C34002D56A5 /* AppDelegate.swift in Sources */ = {isa = PBXBuildFile; fileRef = ECEAB33226D56C34002D56A5 /* AppDelegate.swift */; };
		ECEAB33526D56C34002D56A5 /* SceneDelegate.swift in Sources */ = {isa = PBXBuildFile; fileRef = ECEAB33426D56C34002D56A5 /* SceneDelegate.swift */; };
		ECEAB33C26D56C36002D56A5 /* Assets.xcassets in Resources */ = {isa = PBXBuildFile; fileRef = ECEAB33B26D56C36002D56A5 /* Assets.xcassets */; };
		ECEAB33F26D56C36002D56A5 /* LaunchScreen.storyboard in Resources */ = {isa = PBXBuildFile; fileRef = ECEAB33D26D56C36002D56A5 /* LaunchScreen.storyboard */; };
		ECEAB36726D65439002D56A5 /* Main.storyboard in Resources */ = {isa = PBXBuildFile; fileRef = ECEAB36626D65439002D56A5 /* Main.storyboard */; };
/* End PBXBuildFile section */

/* Begin PBXFileReference section */
		EC1FF54F26E14D58005BF515 /* AppCoordinator.swift */ = {isa = PBXFileReference; lastKnownFileType = sourcecode.swift; path = AppCoordinator.swift; sourceTree = "<group>"; };
		EC1FF55126E1559B005BF515 /* EventListCoordinator.swift */ = {isa = PBXFileReference; lastKnownFileType = sourcecode.swift; path = EventListCoordinator.swift; sourceTree = "<group>"; };
		EC1FF55326E157B9005BF515 /* EventListViewController.swift */ = {isa = PBXFileReference; lastKnownFileType = sourcecode.swift; path = EventListViewController.swift; sourceTree = "<group>"; };
		EC1FF55526E15D05005BF515 /* UIColor+Extensions.swift */ = {isa = PBXFileReference; lastKnownFileType = sourcecode.swift; path = "UIColor+Extensions.swift"; sourceTree = "<group>"; };
		ECE9091526E2AFF60026EF59 /* EventsApp.xcdatamodel */ = {isa = PBXFileReference; lastKnownFileType = wrapper.xcdatamodel; path = EventsApp.xcdatamodel; sourceTree = "<group>"; };
		ECE9091826E2B13A0026EF59 /* CoreDataManager.swift */ = {isa = PBXFileReference; lastKnownFileType = sourcecode.swift; path = CoreDataManager.swift; sourceTree = "<group>"; };
		ECE9091A26E4017A0026EF59 /* EventListViewModel.swift */ = {isa = PBXFileReference; lastKnownFileType = sourcecode.swift; path = EventListViewModel.swift; sourceTree = "<group>"; };
		ECEAB32F26D56C34002D56A5 /* mvvm.app */ = {isa = PBXFileReference; explicitFileType = wrapper.application; includeInIndex = 0; path = mvvm.app; sourceTree = BUILT_PRODUCTS_DIR; };
		ECEAB33226D56C34002D56A5 /* AppDelegate.swift */ = {isa = PBXFileReference; lastKnownFileType = sourcecode.swift; path = AppDelegate.swift; sourceTree = "<group>"; };
		ECEAB33426D56C34002D56A5 /* SceneDelegate.swift */ = {isa = PBXFileReference; lastKnownFileType = sourcecode.swift; path = SceneDelegate.swift; sourceTree = "<group>"; };
		ECEAB33B26D56C36002D56A5 /* Assets.xcassets */ = {isa = PBXFileReference; lastKnownFileType = folder.assetcatalog; path = Assets.xcassets; sourceTree = "<group>"; };
		ECEAB33E26D56C36002D56A5 /* Base */ = {isa = PBXFileReference; lastKnownFileType = file.storyboard; name = Base; path = Base.lproj/LaunchScreen.storyboard; sourceTree = "<group>"; };
		ECEAB34026D56C36002D56A5 /* Info.plist */ = {isa = PBXFileReference; lastKnownFileType = text.plist.xml; path = Info.plist; sourceTree = "<group>"; };
		ECEAB36626D65439002D56A5 /* Main.storyboard */ = {isa = PBXFileReference; lastKnownFileType = file.storyboard; path = Main.storyboard; sourceTree = "<group>"; };
/* End PBXFileReference section */

/* Begin PBXFrameworksBuildPhase section */
		ECEAB32C26D56C34002D56A5 /* Frameworks */ = {
			isa = PBXFrameworksBuildPhase;
			buildActionMask = 2147483647;
			files = (
			);
			runOnlyForDeploymentPostprocessing = 0;
		};
/* End PBXFrameworksBuildPhase section */

/* Begin PBXGroup section */
		ECE9091026E2AD910026EF59 /* Extensions */ = {
			isa = PBXGroup;
			children = (
				EC1FF55526E15D05005BF515 /* UIColor+Extensions.swift */,
			);
			path = Extensions;
			sourceTree = "<group>";
		};
		ECE9091226E2ADB10026EF59 /* Controllers */ = {
			isa = PBXGroup;
			children = (
				EC1FF55326E157B9005BF515 /* EventListViewController.swift */,
			);
			name = Controllers;
			path = "New Group/Controllers";
			sourceTree = "<group>";
		};
		ECE9091326E2ADD20026EF59 /* Coordinators */ = {
			isa = PBXGroup;
			children = (
				EC1FF55126E1559B005BF515 /* EventListCoordinator.swift */,
				EC1FF54F26E14D58005BF515 /* AppCoordinator.swift */,
			);
			path = Coordinators;
			sourceTree = "<group>";
		};
		ECEAB32626D56C34002D56A5 = {
			isa = PBXGroup;
			children = (
				ECEAB33126D56C34002D56A5 /* mvvm */,
				ECEAB33026D56C34002D56A5 /* Products */,
			);
			sourceTree = "<group>";
		};
		ECEAB33026D56C34002D56A5 /* Products */ = {
			isa = PBXGroup;
			children = (
				ECEAB32F26D56C34002D56A5 /* mvvm.app */,
			);
			name = Products;
			sourceTree = "<group>";
		};
		ECEAB33126D56C34002D56A5 /* mvvm */ = {
			isa = PBXGroup;
			children = (
				ECE9091026E2AD910026EF59 /* Extensions */,
				ECE9091226E2ADB10026EF59 /* Controllers */,
				ECE9091326E2ADD20026EF59 /* Coordinators */,
				ECEAB35D26D64D8E002D56A5 /* Common */,
				ECEAB34926D579EA002D56A5 /* Resources */,
				ECE9091426E2AFF60026EF59 /* EventsApp.xcdatamodeld */,
				ECE9091826E2B13A0026EF59 /* CoreDataManager.swift */,
				ECE9091A26E4017A0026EF59 /* EventListViewModel.swift */,
			);
			path = mvvm;
			sourceTree = "<group>";
		};
		ECEAB34926D579EA002D56A5 /* Resources */ = {
			isa = PBXGroup;
			children = (
				ECEAB33B26D56C36002D56A5 /* Assets.xcassets */,
				ECEAB33D26D56C36002D56A5 /* LaunchScreen.storyboard */,
				ECEAB34026D56C36002D56A5 /* Info.plist */,
				ECEAB36626D65439002D56A5 /* Main.storyboard */,
			);
			path = Resources;
			sourceTree = "<group>";
		};
		ECEAB35D26D64D8E002D56A5 /* Common */ = {
			isa = PBXGroup;
			children = (
				ECEAB33226D56C34002D56A5 /* AppDelegate.swift */,
				ECEAB33426D56C34002D56A5 /* SceneDelegate.swift */,
			);
			path = Common;
			sourceTree = "<group>";
		};
/* End PBXGroup section */

/* Begin PBXNativeTarget section */
		ECEAB32E26D56C34002D56A5 /* mvvm */ = {
			isa = PBXNativeTarget;
			buildConfigurationList = ECEAB34326D56C36002D56A5 /* Build configuration list for PBXNativeTarget "mvvm" */;
			buildPhases = (
				ECEAB32B26D56C34002D56A5 /* Sources */,
				ECEAB32C26D56C34002D56A5 /* Frameworks */,
				ECEAB32D26D56C34002D56A5 /* Resources */,
			);
			buildRules = (
			);
			dependencies = (
			);
			name = mvvm;
			productName = mvvm;
			productReference = ECEAB32F26D56C34002D56A5 /* mvvm.app */;
			productType = "com.apple.product-type.application";
		};
/* End PBXNativeTarget section */

/* Begin PBXProject section */
		ECEAB32726D56C34002D56A5 /* Project object */ = {
			isa = PBXProject;
			attributes = {
				LastSwiftUpdateCheck = 1250;
				LastUpgradeCheck = 1250;
				TargetAttributes = {
					ECEAB32E26D56C34002D56A5 = {
						CreatedOnToolsVersion = 12.5.1;
					};
				};
			};
			buildConfigurationList = ECEAB32A26D56C34002D56A5 /* Build configuration list for PBXProject "mvvm" */;
			compatibilityVersion = "Xcode 9.3";
			developmentRegion = en;
			hasScannedForEncodings = 0;
			knownRegions = (
				en,
				Base,
			);
			mainGroup = ECEAB32626D56C34002D56A5;
			productRefGroup = ECEAB33026D56C34002D56A5 /* Products */;
			projectDirPath = "";
			projectRoot = "";
			targets = (
				ECEAB32E26D56C34002D56A5 /* mvvm */,
			);
		};
/* End PBXProject section */

/* Begin PBXResourcesBuildPhase section */
		ECEAB32D26D56C34002D56A5 /* Resources */ = {
			isa = PBXResourcesBuildPhase;
			buildActionMask = 2147483647;
			files = (
				ECEAB36726D65439002D56A5 /* Main.storyboard in Resources */,
				ECEAB33F26D56C36002D56A5 /* LaunchScreen.storyboard in Resources */,
				ECEAB33C26D56C36002D56A5 /* Assets.xcassets in Resources */,
			);
			runOnlyForDeploymentPostprocessing = 0;
		};
/* End PBXResourcesBuildPhase section */

/* Begin PBXSourcesBuildPhase section */
		ECEAB32B26D56C34002D56A5 /* Sources */ = {
			isa = PBXSourcesBuildPhase;
			buildActionMask = 2147483647;
			files = (
				EC1FF55426E157B9005BF515 /* EventListViewController.swift in Sources */,
				EC1FF55626E15D05005BF515 /* UIColor+Extensions.swift in Sources */,
				EC1FF55026E14D58005BF515 /* AppCoordinator.swift in Sources */,
				ECEAB33326D56C34002D56A5 /* AppDelegate.swift in Sources */,
				ECEAB33526D56C34002D56A5 /* SceneDelegate.swift in Sources */,
				EC1FF55226E1559B005BF515 /* EventListCoordinator.swift in Sources */,
				ECE9091B26E4017A0026EF59 /* EventListViewModel.swift in Sources */,
				ECE9091926E2B13A0026EF59 /* CoreDataManager.swift in Sources */,
				ECE9091626E2AFF60026EF59 /* EventsApp.xcdatamodeld in Sources */,
			);
			runOnlyForDeploymentPostprocessing = 0;
		};
/* End PBXSourcesBuildPhase section */

/* Begin PBXVariantGroup section */
		ECEAB33D26D56C36002D56A5 /* LaunchScreen.storyboard */ = {
			isa = PBXVariantGroup;
			children = (
				ECEAB33E26D56C36002D56A5 /* Base */,
			);
			name = LaunchScreen.storyboard;
			sourceTree = "<group>";
		};
/* End PBXVariantGroup section */

/* Begin XCBuildConfiguration section */
		ECEAB34126D56C36002D56A5 /* Debug */ = {
			isa = XCBuildConfiguration;
			buildSettings = {
				ALWAYS_SEARCH_USER_PATHS = NO;
				CLANG_ANALYZER_NONNULL = YES;
				CLANG_ANALYZER_NUMBER_OBJECT_CONVERSION = YES_AGGRESSIVE;
				CLANG_CXX_LANGUAGE_STANDARD = "gnu++14";
				CLANG_CXX_LIBRARY = "libc++";
				CLANG_ENABLE_MODULES = YES;
				CLANG_ENABLE_OBJC_ARC = YES;
				CLANG_ENABLE_OBJC_WEAK = YES;
				CLANG_WARN_BLOCK_CAPTURE_AUTORELEASING = YES;
				CLANG_WARN_BOOL_CONVERSION = YES;
				CLANG_WARN_COMMA = YES;
				CLANG_WARN_CONSTANT_CONVERSION = YES;
				CLANG_WARN_DEPRECATED_OBJC_IMPLEMENTATIONS = YES;
				CLANG_WARN_DIRECT_OBJC_ISA_USAGE = YES_ERROR;
				CLANG_WARN_DOCUMENTATION_COMMENTS = YES;
				CLANG_WARN_EMPTY_BODY = YES;
				CLANG_WARN_ENUM_CONVERSION = YES;
				CLANG_WARN_INFINITE_RECURSION = YES;
				CLANG_WARN_INT_CONVERSION = YES;
				CLANG_WARN_NON_LITERAL_NULL_CONVERSION = YES;
				CLANG_WARN_OBJC_IMPLICIT_RETAIN_SELF = YES;
				CLANG_WARN_OBJC_LITERAL_CONVERSION = YES;
				CLANG_WARN_OBJC_ROOT_CLASS = YES_ERROR;
				CLANG_WARN_QUOTED_INCLUDE_IN_FRAMEWORK_HEADER = YES;
				CLANG_WARN_RANGE_LOOP_ANALYSIS = YES;
				CLANG_WARN_STRICT_PROTOTYPES = YES;
				CLANG_WARN_SUSPICIOUS_MOVE = YES;
				CLANG_WARN_UNGUARDED_AVAILABILITY = YES_AGGRESSIVE;
				CLANG_WARN_UNREACHABLE_CODE = YES;
				CLANG_WARN__DUPLICATE_METHOD_MATCH = YES;
				COPY_PHASE_STRIP = NO;
				DEBUG_INFORMATION_FORMAT = dwarf;
				ENABLE_STRICT_OBJC_MSGSEND = YES;
				ENABLE_TESTABILITY = YES;
				GCC_C_LANGUAGE_STANDARD = gnu11;
				GCC_DYNAMIC_NO_PIC = NO;
				GCC_NO_COMMON_BLOCKS = YES;
				GCC_OPTIMIZATION_LEVEL = 0;
				GCC_PREPROCESSOR_DEFINITIONS = (
					"DEBUG=1",
					"$(inherited)",
				);
				GCC_WARN_64_TO_32_BIT_CONVERSION = YES;
				GCC_WARN_ABOUT_RETURN_TYPE = YES_ERROR;
				GCC_WARN_UNDECLARED_SELECTOR = YES;
				GCC_WARN_UNINITIALIZED_AUTOS = YES_AGGRESSIVE;
				GCC_WARN_UNUSED_FUNCTION = YES;
				GCC_WARN_UNUSED_VARIABLE = YES;
				IPHONEOS_DEPLOYMENT_TARGET = 14.5;
				MTL_ENABLE_DEBUG_INFO = INCLUDE_SOURCE;
				MTL_FAST_MATH = YES;
				ONLY_ACTIVE_ARCH = YES;
				SDKROOT = iphoneos;
				SWIFT_ACTIVE_COMPILATION_CONDITIONS = DEBUG;
				SWIFT_OPTIMIZATION_LEVEL = "-Onone";
			};
			name = Debug;
		};
		ECEAB34226D56C36002D56A5 /* Release */ = {
			isa = XCBuildConfiguration;
			buildSettings = {
				ALWAYS_SEARCH_USER_PATHS = NO;
				CLANG_ANALYZER_NONNULL = YES;
				CLANG_ANALYZER_NUMBER_OBJECT_CONVERSION = YES_AGGRESSIVE;
				CLANG_CXX_LANGUAGE_STANDARD = "gnu++14";
				CLANG_CXX_LIBRARY = "libc++";
				CLANG_ENABLE_MODULES = YES;
				CLANG_ENABLE_OBJC_ARC = YES;
				CLANG_ENABLE_OBJC_WEAK = YES;
				CLANG_WARN_BLOCK_CAPTURE_AUTORELEASING = YES;
				CLANG_WARN_BOOL_CONVERSION = YES;
				CLANG_WARN_COMMA = YES;
				CLANG_WARN_CONSTANT_CONVERSION = YES;
				CLANG_WARN_DEPRECATED_OBJC_IMPLEMENTATIONS = YES;
				CLANG_WARN_DIRECT_OBJC_ISA_USAGE = YES_ERROR;
				CLANG_WARN_DOCUMENTATION_COMMENTS = YES;
				CLANG_WARN_EMPTY_BODY = YES;
				CLANG_WARN_ENUM_CONVERSION = YES;
				CLANG_WARN_INFINITE_RECURSION = YES;
				CLANG_WARN_INT_CONVERSION = YES;
				CLANG_WARN_NON_LITERAL_NULL_CONVERSION = YES;
				CLANG_WARN_OBJC_IMPLICIT_RETAIN_SELF = YES;
				CLANG_WARN_OBJC_LITERAL_CONVERSION = YES;
				CLANG_WARN_OBJC_ROOT_CLASS = YES_ERROR;
				CLANG_WARN_QUOTED_INCLUDE_IN_FRAMEWORK_HEADER = YES;
				CLANG_WARN_RANGE_LOOP_ANALYSIS = YES;
				CLANG_WARN_STRICT_PROTOTYPES = YES;
				CLANG_WARN_SUSPICIOUS_MOVE = YES;
				CLANG_WARN_UNGUARDED_AVAILABILITY = YES_AGGRESSIVE;
				CLANG_WARN_UNREACHABLE_CODE = YES;
				CLANG_WARN__DUPLICATE_METHOD_MATCH = YES;
				COPY_PHASE_STRIP = NO;
				DEBUG_INFORMATION_FORMAT = "dwarf-with-dsym";
				ENABLE_NS_ASSERTIONS = NO;
				ENABLE_STRICT_OBJC_MSGSEND = YES;
				GCC_C_LANGUAGE_STANDARD = gnu11;
				GCC_NO_COMMON_BLOCKS = YES;
				GCC_WARN_64_TO_32_BIT_CONVERSION = YES;
				GCC_WARN_ABOUT_RETURN_TYPE = YES_ERROR;
				GCC_WARN_UNDECLARED_SELECTOR = YES;
				GCC_WARN_UNINITIALIZED_AUTOS = YES_AGGRESSIVE;
				GCC_WARN_UNUSED_FUNCTION = YES;
				GCC_WARN_UNUSED_VARIABLE = YES;
				IPHONEOS_DEPLOYMENT_TARGET = 14.5;
				MTL_ENABLE_DEBUG_INFO = NO;
				MTL_FAST_MATH = YES;
				SDKROOT = iphoneos;
				SWIFT_COMPILATION_MODE = wholemodule;
				SWIFT_OPTIMIZATION_LEVEL = "-O";
				VALIDATE_PRODUCT = YES;
			};
			name = Release;
		};
		ECEAB34426D56C36002D56A5 /* Debug */ = {
			isa = XCBuildConfiguration;
			buildSettings = {
				ASSETCATALOG_COMPILER_APPICON_NAME = AppIcon;
				ASSETCATALOG_COMPILER_GLOBAL_ACCENT_COLOR_NAME = AccentColor;
				CODE_SIGN_STYLE = Automatic;
				DEVELOPMENT_TEAM = NUMRL3MBS4;
				INFOPLIST_FILE = mvvm/Resources/Info.plist;
				LD_RUNPATH_SEARCH_PATHS = (
					"$(inherited)",
					"@executable_path/Frameworks",
				);
				PRODUCT_BUNDLE_IDENTIFIER = SwifteriOS.mvvm;
				PRODUCT_NAME = "$(TARGET_NAME)";
				SWIFT_VERSION = 5.0;
				TARGETED_DEVICE_FAMILY = "1,2";
			};
			name = Debug;
		};
		ECEAB34526D56C36002D56A5 /* Release */ = {
			isa = XCBuildConfiguration;
			buildSettings = {
				ASSETCATALOG_COMPILER_APPICON_NAME = AppIcon;
				ASSETCATALOG_COMPILER_GLOBAL_ACCENT_COLOR_NAME = AccentColor;
				CODE_SIGN_STYLE = Automatic;
				DEVELOPMENT_TEAM = NUMRL3MBS4;
				INFOPLIST_FILE = mvvm/Resources/Info.plist;
				LD_RUNPATH_SEARCH_PATHS = (
					"$(inherited)",
					"@executable_path/Frameworks",
				);
				PRODUCT_BUNDLE_IDENTIFIER = SwifteriOS.mvvm;
				PRODUCT_NAME = "$(TARGET_NAME)";
				SWIFT_VERSION = 5.0;
				TARGETED_DEVICE_FAMILY = "1,2";
			};
			name = Release;
		};
/* End XCBuildConfiguration section */

/* Begin XCConfigurationList section */
		ECEAB32A26D56C34002D56A5 /* Build configuration list for PBXProject "mvvm" */ = {
			isa = XCConfigurationList;
			buildConfigurations = (
				ECEAB34126D56C36002D56A5 /* Debug */,
				ECEAB34226D56C36002D56A5 /* Release */,
			);
			defaultConfigurationIsVisible = 0;
			defaultConfigurationName = Release;
		};
		ECEAB34326D56C36002D56A5 /* Build configuration list for PBXNativeTarget "mvvm" */ = {
			isa = XCConfigurationList;
			buildConfigurations = (
				ECEAB34426D56C36002D56A5 /* Debug */,
				ECEAB34526D56C36002D56A5 /* Release */,
			);
			defaultConfigurationIsVisible = 0;
			defaultConfigurationName = Release;
		};
/* End XCConfigurationList section */

/* Begin XCVersionGroup section */
		ECE9091426E2AFF60026EF59 /* EventsApp.xcdatamodeld */ = {
			isa = XCVersionGroup;
			children = (
				ECE9091526E2AFF60026EF59 /* EventsApp.xcdatamodel */,
			);
			currentVersion = ECE9091526E2AFF60026EF59 /* EventsApp.xcdatamodel */;
			path = EventsApp.xcdatamodeld;
			sourceTree = "<group>";
			versionGroupType = wrapper.xcdatamodel;
		};
/* End XCVersionGroup section */
	};
	rootObject = ECEAB32726D56C34002D56A5 /* Project object */;
}
