// !$*UTF8*$!
{
	archiveVersion = 1;
	classes = {
	};
	objectVersion = 50;
	objects = {

/* Begin PBXBuildFile section */
		ECEAB33326D56C34002D56A5 /* AppDelegate.swift in Sources */ = {isa = PBXBuildFile; fileRef = ECEAB33226D56C34002D56A5 /* AppDelegate.swift */; };
		ECEAB33526D56C34002D56A5 /* SceneDelegate.swift in Sources */ = {isa = PBXBuildFile; fileRef = ECEAB33426D56C34002D56A5 /* SceneDelegate.swift */; };
		ECEAB33726D56C34002D56A5 /* StartViewController.swift in Sources */ = {isa = PBXBuildFile; fileRef = ECEAB33626D56C34002D56A5 /* StartViewController.swift */; };
		ECEAB33A26D56C34002D56A5 /* Main.storyboard in Resources */ = {isa = PBXBuildFile; fileRef = ECEAB33826D56C34002D56A5 /* Main.storyboard */; };
		ECEAB33C26D56C36002D56A5 /* Assets.xcassets in Resources */ = {isa = PBXBuildFile; fileRef = ECEAB33B26D56C36002D56A5 /* Assets.xcassets */; };
		ECEAB33F26D56C36002D56A5 /* LaunchScreen.storyboard in Resources */ = {isa = PBXBuildFile; fileRef = ECEAB33D26D56C36002D56A5 /* LaunchScreen.storyboard */; };
		ECEAB35326D57BDD002D56A5 /* Weather.swift in Sources */ = {isa = PBXBuildFile; fileRef = ECEAB35226D57BDD002D56A5 /* Weather.swift */; };
		ECEAB35726D57C20002D56A5 /* WeatherManager.swift in Sources */ = {isa = PBXBuildFile; fileRef = ECEAB35626D57C20002D56A5 /* WeatherManager.swift */; };
/* End PBXBuildFile section */

/* Begin PBXFileReference section */
		ECEAB32F26D56C34002D56A5 /* mvvm.app */ = {isa = PBXFileReference; explicitFileType = wrapper.application; includeInIndex = 0; path = mvvm.app; sourceTree = BUILT_PRODUCTS_DIR; };
		ECEAB33226D56C34002D56A5 /* AppDelegate.swift */ = {isa = PBXFileReference; lastKnownFileType = sourcecode.swift; path = AppDelegate.swift; sourceTree = "<group>"; };
		ECEAB33426D56C34002D56A5 /* SceneDelegate.swift */ = {isa = PBXFileReference; lastKnownFileType = sourcecode.swift; path = SceneDelegate.swift; sourceTree = "<group>"; };
		ECEAB33626D56C34002D56A5 /* StartViewController.swift */ = {isa = PBXFileReference; lastKnownFileType = sourcecode.swift; path = StartViewController.swift; sourceTree = "<group>"; };
		ECEAB33926D56C34002D56A5 /* Base */ = {isa = PBXFileReference; lastKnownFileType = file.storyboard; name = Base; path = Base.lproj/Main.storyboard; sourceTree = "<group>"; };
		ECEAB33B26D56C36002D56A5 /* Assets.xcassets */ = {isa = PBXFileReference; lastKnownFileType = folder.assetcatalog; path = Assets.xcassets; sourceTree = "<group>"; };
		ECEAB33E26D56C36002D56A5 /* Base */ = {isa = PBXFileReference; lastKnownFileType = file.storyboard; name = Base; path = Base.lproj/LaunchScreen.storyboard; sourceTree = "<group>"; };
		ECEAB34026D56C36002D56A5 /* Info.plist */ = {isa = PBXFileReference; lastKnownFileType = text.plist.xml; path = Info.plist; sourceTree = "<group>"; };
		ECEAB35226D57BDD002D56A5 /* Weather.swift */ = {isa = PBXFileReference; lastKnownFileType = sourcecode.swift; path = Weather.swift; sourceTree = "<group>"; };
		ECEAB35626D57C20002D56A5 /* WeatherManager.swift */ = {isa = PBXFileReference; lastKnownFileType = sourcecode.swift; path = WeatherManager.swift; sourceTree = "<group>"; };
/* End PBXFileReference section */

/* Begin PBXFrameworksBuildPhase section */
		ECEAB32C26D56C34002D56A5 /* Frameworks */ = {
			isa = PBXFrameworksBuildPhase;
			buildActionMask = 2147483647;
			files = (
			);
			runOnlyForDeploymentPostprocessing = 0;
		};
/* End PBXFrameworksBuildPhase section */

/* Begin PBXGroup section */
		ECEAB32626D56C34002D56A5 = {
			isa = PBXGroup;
			children = (
				ECEAB33126D56C34002D56A5 /* mvvm */,
				ECEAB34926D579EA002D56A5 /* Resources */,
				ECEAB33026D56C34002D56A5 /* Products */,
			);
			sourceTree = "<group>";
		};
		ECEAB33026D56C34002D56A5 /* Products */ = {
			isa = PBXGroup;
			children = (
				ECEAB32F26D56C34002D56A5 /* mvvm.app */,
			);
			name = Products;
			sourceTree = "<group>";
		};
		ECEAB33126D56C34002D56A5 /* mvvm */ = {
			isa = PBXGroup;
			children = (
				ECEAB34626D579D2002D56A5 /* Model */,
				ECEAB34726D579DA002D56A5 /* View */,
				ECEAB34826D579DE002D56A5 /* ViewModel */,
			);
			path = mvvm;
			sourceTree = "<group>";
		};
		ECEAB34626D579D2002D56A5 /* Model */ = {
			isa = PBXGroup;
			children = (
				ECEAB35526D57C00002D56A5 /* Structs */,
				ECEAB35626D57C20002D56A5 /* WeatherManager.swift */,
			);
			path = Model;
			sourceTree = "<group>";
		};
		ECEAB34726D579DA002D56A5 /* View */ = {
			isa = PBXGroup;
			children = (
				ECEAB34E26D57A8D002D56A5 /* Start */,
				ECEAB34D26D57A86002D56A5 /* Details */,
				ECEAB33826D56C34002D56A5 /* Main.storyboard */,
			);
			path = View;
			sourceTree = "<group>";
		};
		ECEAB34826D579DE002D56A5 /* ViewModel */ = {
			isa = PBXGroup;
			children = (
				ECEAB35126D57B1B002D56A5 /* Start */,
				ECEAB35026D57B13002D56A5 /* Details */,
			);
			path = ViewModel;
			sourceTree = "<group>";
		};
		ECEAB34926D579EA002D56A5 /* Resources */ = {
			isa = PBXGroup;
			children = (
				ECEAB34A26D57A37002D56A5 /* App */,
				ECEAB33B26D56C36002D56A5 /* Assets.xcassets */,
				ECEAB33D26D56C36002D56A5 /* LaunchScreen.storyboard */,
				ECEAB34026D56C36002D56A5 /* Info.plist */,
			);
			path = Resources;
			sourceTree = "<group>";
		};
		ECEAB34A26D57A37002D56A5 /* App */ = {
			isa = PBXGroup;
			children = (
				ECEAB33226D56C34002D56A5 /* AppDelegate.swift */,
				ECEAB33426D56C34002D56A5 /* SceneDelegate.swift */,
			);
			path = App;
			sourceTree = "<group>";
		};
		ECEAB34D26D57A86002D56A5 /* Details */ = {
			isa = PBXGroup;
			children = (
			);
			path = Details;
			sourceTree = "<group>";
		};
		ECEAB34E26D57A8D002D56A5 /* Start */ = {
			isa = PBXGroup;
			children = (
				ECEAB33626D56C34002D56A5 /* StartViewController.swift */,
			);
			path = Start;
			sourceTree = "<group>";
		};
		ECEAB35026D57B13002D56A5 /* Details */ = {
			isa = PBXGroup;
			children = (
			);
			path = Details;
			sourceTree = "<group>";
		};
		ECEAB35126D57B1B002D56A5 /* Start */ = {
			isa = PBXGroup;
			children = (
			);
			path = Start;
			sourceTree = "<group>";
		};
		ECEAB35526D57C00002D56A5 /* Structs */ = {
			isa = PBXGroup;
			children = (
				ECEAB35226D57BDD002D56A5 /* Weather.swift */,
			);
			path = Structs;
			sourceTree = "<group>";
		};
/* End PBXGroup section */

/* Begin PBXNativeTarget section */
		ECEAB32E26D56C34002D56A5 /* mvvm */ = {
			isa = PBXNativeTarget;
			buildConfigurationList = ECEAB34326D56C36002D56A5 /* Build configuration list for PBXNativeTarget "mvvm" */;
			buildPhases = (
				ECEAB32B26D56C34002D56A5 /* Sources */,
				ECEAB32C26D56C34002D56A5 /* Frameworks */,
				ECEAB32D26D56C34002D56A5 /* Resources */,
			);
			buildRules = (
			);
			dependencies = (
			);
			name = mvvm;
			productName = mvvm;
			productReference = ECEAB32F26D56C34002D56A5 /* mvvm.app */;
			productType = "com.apple.product-type.application";
		};
/* End PBXNativeTarget section */

/* Begin PBXProject section */
		ECEAB32726D56C34002D56A5 /* Project object */ = {
			isa = PBXProject;
			attributes = {
				LastSwiftUpdateCheck = 1250;
				LastUpgradeCheck = 1250;
				TargetAttributes = {
					ECEAB32E26D56C34002D56A5 = {
						CreatedOnToolsVersion = 12.5.1;
					};
				};
			};
			buildConfigurationList = ECEAB32A26D56C34002D56A5 /* Build configuration list for PBXProject "mvvm" */;
			compatibilityVersion = "Xcode 9.3";
			developmentRegion = en;
			hasScannedForEncodings = 0;
			knownRegions = (
				en,
				Base,
			);
			mainGroup = ECEAB32626D56C34002D56A5;
			productRefGroup = ECEAB33026D56C34002D56A5 /* Products */;
			projectDirPath = "";
			projectRoot = "";
			targets = (
				ECEAB32E26D56C34002D56A5 /* mvvm */,
			);
		};
/* End PBXProject section */

/* Begin PBXResourcesBuildPhase section */
		ECEAB32D26D56C34002D56A5 /* Resources */ = {
			isa = PBXResourcesBuildPhase;
			buildActionMask = 2147483647;
			files = (
				ECEAB33F26D56C36002D56A5 /* LaunchScreen.storyboard in Resources */,
				ECEAB33C26D56C36002D56A5 /* Assets.xcassets in Resources */,
				ECEAB33A26D56C34002D56A5 /* Main.storyboard in Resources */,
			);
			runOnlyForDeploymentPostprocessing = 0;
		};
/* End PBXResourcesBuildPhase section */

/* Begin PBXSourcesBuildPhase section */
		ECEAB32B26D56C34002D56A5 /* Sources */ = {
			isa = PBXSourcesBuildPhase;
			buildActionMask = 2147483647;
			files = (
				ECEAB35326D57BDD002D56A5 /* Weather.swift in Sources */,
				ECEAB33726D56C34002D56A5 /* StartViewController.swift in Sources */,
				ECEAB35726D57C20002D56A5 /* WeatherManager.swift in Sources */,
				ECEAB33326D56C34002D56A5 /* AppDelegate.swift in Sources */,
				ECEAB33526D56C34002D56A5 /* SceneDelegate.swift in Sources */,
			);
			runOnlyForDeploymentPostprocessing = 0;
		};
/* End PBXSourcesBuildPhase section */

/* Begin PBXVariantGroup section */
		ECEAB33826D56C34002D56A5 /* Main.storyboard */ = {
			isa = PBXVariantGroup;
			children = (
				ECEAB33926D56C34002D56A5 /* Base */,
			);
			name = Main.storyboard;
			sourceTree = "<group>";
		};
		ECEAB33D26D56C36002D56A5 /* LaunchScreen.storyboard */ = {
			isa = PBXVariantGroup;
			children = (
				ECEAB33E26D56C36002D56A5 /* Base */,
			);
			name = LaunchScreen.storyboard;
			sourceTree = "<group>";
		};
/* End PBXVariantGroup section */

/* Begin XCBuildConfiguration section */
		ECEAB34126D56C36002D56A5 /* Debug */ = {
			isa = XCBuildConfiguration;
			buildSettings = {
				ALWAYS_SEARCH_USER_PATHS = NO;
				CLANG_ANALYZER_NONNULL = YES;
				CLANG_ANALYZER_NUMBER_OBJECT_CONVERSION = YES_AGGRESSIVE;
				CLANG_CXX_LANGUAGE_STANDARD = "gnu++14";
				CLANG_CXX_LIBRARY = "libc++";
				CLANG_ENABLE_MODULES = YES;
				CLANG_ENABLE_OBJC_ARC = YES;
				CLANG_ENABLE_OBJC_WEAK = YES;
				CLANG_WARN_BLOCK_CAPTURE_AUTORELEASING = YES;
				CLANG_WARN_BOOL_CONVERSION = YES;
				CLANG_WARN_COMMA = YES;
				CLANG_WARN_CONSTANT_CONVERSION = YES;
				CLANG_WARN_DEPRECATED_OBJC_IMPLEMENTATIONS = YES;
				CLANG_WARN_DIRECT_OBJC_ISA_USAGE = YES_ERROR;
				CLANG_WARN_DOCUMENTATION_COMMENTS = YES;
				CLANG_WARN_EMPTY_BODY = YES;
				CLANG_WARN_ENUM_CONVERSION = YES;
				CLANG_WARN_INFINITE_RECURSION = YES;
				CLANG_WARN_INT_CONVERSION = YES;
				CLANG_WARN_NON_LITERAL_NULL_CONVERSION = YES;
				CLANG_WARN_OBJC_IMPLICIT_RETAIN_SELF = YES;
				CLANG_WARN_OBJC_LITERAL_CONVERSION = YES;
				CLANG_WARN_OBJC_ROOT_CLASS = YES_ERROR;
				CLANG_WARN_QUOTED_INCLUDE_IN_FRAMEWORK_HEADER = YES;
				CLANG_WARN_RANGE_LOOP_ANALYSIS = YES;
				CLANG_WARN_STRICT_PROTOTYPES = YES;
				CLANG_WARN_SUSPICIOUS_MOVE = YES;
				CLANG_WARN_UNGUARDED_AVAILABILITY = YES_AGGRESSIVE;
				CLANG_WARN_UNREACHABLE_CODE = YES;
				CLANG_WARN__DUPLICATE_METHOD_MATCH = YES;
				COPY_PHASE_STRIP = NO;
				DEBUG_INFORMATION_FORMAT = dwarf;
				ENABLE_STRICT_OBJC_MSGSEND = YES;
				ENABLE_TESTABILITY = YES;
				GCC_C_LANGUAGE_STANDARD = gnu11;
				GCC_DYNAMIC_NO_PIC = NO;
				GCC_NO_COMMON_BLOCKS = YES;
				GCC_OPTIMIZATION_LEVEL = 0;
				GCC_PREPROCESSOR_DEFINITIONS = (
					"DEBUG=1",
					"$(inherited)",
				);
				GCC_WARN_64_TO_32_BIT_CONVERSION = YES;
				GCC_WARN_ABOUT_RETURN_TYPE = YES_ERROR;
				GCC_WARN_UNDECLARED_SELECTOR = YES;
				GCC_WARN_UNINITIALIZED_AUTOS = YES_AGGRESSIVE;
				GCC_WARN_UNUSED_FUNCTION = YES;
				GCC_WARN_UNUSED_VARIABLE = YES;
				IPHONEOS_DEPLOYMENT_TARGET = 14.5;
				MTL_ENABLE_DEBUG_INFO = INCLUDE_SOURCE;
				MTL_FAST_MATH = YES;
				ONLY_ACTIVE_ARCH = YES;
				SDKROOT = iphoneos;
				SWIFT_ACTIVE_COMPILATION_CONDITIONS = DEBUG;
				SWIFT_OPTIMIZATION_LEVEL = "-Onone";
			};
			name = Debug;
		};
		ECEAB34226D56C36002D56A5 /* Release */ = {
			isa = XCBuildConfiguration;
			buildSettings = {
				ALWAYS_SEARCH_USER_PATHS = NO;
				CLANG_ANALYZER_NONNULL = YES;
				CLANG_ANALYZER_NUMBER_OBJECT_CONVERSION = YES_AGGRESSIVE;
				CLANG_CXX_LANGUAGE_STANDARD = "gnu++14";
				CLANG_CXX_LIBRARY = "libc++";
				CLANG_ENABLE_MODULES = YES;
				CLANG_ENABLE_OBJC_ARC = YES;
				CLANG_ENABLE_OBJC_WEAK = YES;
				CLANG_WARN_BLOCK_CAPTURE_AUTORELEASING = YES;
				CLANG_WARN_BOOL_CONVERSION = YES;
				CLANG_WARN_COMMA = YES;
				CLANG_WARN_CONSTANT_CONVERSION = YES;
				CLANG_WARN_DEPRECATED_OBJC_IMPLEMENTATIONS = YES;
				CLANG_WARN_DIRECT_OBJC_ISA_USAGE = YES_ERROR;
				CLANG_WARN_DOCUMENTATION_COMMENTS = YES;
				CLANG_WARN_EMPTY_BODY = YES;
				CLANG_WARN_ENUM_CONVERSION = YES;
				CLANG_WARN_INFINITE_RECURSION = YES;
				CLANG_WARN_INT_CONVERSION = YES;
				CLANG_WARN_NON_LITERAL_NULL_CONVERSION = YES;
				CLANG_WARN_OBJC_IMPLICIT_RETAIN_SELF = YES;
				CLANG_WARN_OBJC_LITERAL_CONVERSION = YES;
				CLANG_WARN_OBJC_ROOT_CLASS = YES_ERROR;
				CLANG_WARN_QUOTED_INCLUDE_IN_FRAMEWORK_HEADER = YES;
				CLANG_WARN_RANGE_LOOP_ANALYSIS = YES;
				CLANG_WARN_STRICT_PROTOTYPES = YES;
				CLANG_WARN_SUSPICIOUS_MOVE = YES;
				CLANG_WARN_UNGUARDED_AVAILABILITY = YES_AGGRESSIVE;
				CLANG_WARN_UNREACHABLE_CODE = YES;
				CLANG_WARN__DUPLICATE_METHOD_MATCH = YES;
				COPY_PHASE_STRIP = NO;
				DEBUG_INFORMATION_FORMAT = "dwarf-with-dsym";
				ENABLE_NS_ASSERTIONS = NO;
				ENABLE_STRICT_OBJC_MSGSEND = YES;
				GCC_C_LANGUAGE_STANDARD = gnu11;
				GCC_NO_COMMON_BLOCKS = YES;
				GCC_WARN_64_TO_32_BIT_CONVERSION = YES;
				GCC_WARN_ABOUT_RETURN_TYPE = YES_ERROR;
				GCC_WARN_UNDECLARED_SELECTOR = YES;
				GCC_WARN_UNINITIALIZED_AUTOS = YES_AGGRESSIVE;
				GCC_WARN_UNUSED_FUNCTION = YES;
				GCC_WARN_UNUSED_VARIABLE = YES;
				IPHONEOS_DEPLOYMENT_TARGET = 14.5;
				MTL_ENABLE_DEBUG_INFO = NO;
				MTL_FAST_MATH = YES;
				SDKROOT = iphoneos;
				SWIFT_COMPILATION_MODE = wholemodule;
				SWIFT_OPTIMIZATION_LEVEL = "-O";
				VALIDATE_PRODUCT = YES;
			};
			name = Release;
		};
		ECEAB34426D56C36002D56A5 /* Debug */ = {
			isa = XCBuildConfiguration;
			buildSettings = {
				ASSETCATALOG_COMPILER_APPICON_NAME = AppIcon;
				ASSETCATALOG_COMPILER_GLOBAL_ACCENT_COLOR_NAME = AccentColor;
				CODE_SIGN_STYLE = Automatic;
				DEVELOPMENT_TEAM = NUMRL3MBS4;
				INFOPLIST_FILE = mvvm/Resources/Info.plist;
				LD_RUNPATH_SEARCH_PATHS = (
					"$(inherited)",
					"@executable_path/Frameworks",
				);
				PRODUCT_BUNDLE_IDENTIFIER = SwifteriOS.mvvm;
				PRODUCT_NAME = "$(TARGET_NAME)";
				SWIFT_VERSION = 5.0;
				TARGETED_DEVICE_FAMILY = "1,2";
			};
			name = Debug;
		};
		ECEAB34526D56C36002D56A5 /* Release */ = {
			isa = XCBuildConfiguration;
			buildSettings = {
				ASSETCATALOG_COMPILER_APPICON_NAME = AppIcon;
				ASSETCATALOG_COMPILER_GLOBAL_ACCENT_COLOR_NAME = AccentColor;
				CODE_SIGN_STYLE = Automatic;
				DEVELOPMENT_TEAM = NUMRL3MBS4;
				INFOPLIST_FILE = mvvm/Resources/Info.plist;
				LD_RUNPATH_SEARCH_PATHS = (
					"$(inherited)",
					"@executable_path/Frameworks",
				);
				PRODUCT_BUNDLE_IDENTIFIER = SwifteriOS.mvvm;
				PRODUCT_NAME = "$(TARGET_NAME)";
				SWIFT_VERSION = 5.0;
				TARGETED_DEVICE_FAMILY = "1,2";
			};
			name = Release;
		};
/* End XCBuildConfiguration section */

/* Begin XCConfigurationList section */
		ECEAB32A26D56C34002D56A5 /* Build configuration list for PBXProject "mvvm" */ = {
			isa = XCConfigurationList;
			buildConfigurations = (
				ECEAB34126D56C36002D56A5 /* Debug */,
				ECEAB34226D56C36002D56A5 /* Release */,
			);
			defaultConfigurationIsVisible = 0;
			defaultConfigurationName = Release;
		};
		ECEAB34326D56C36002D56A5 /* Build configuration list for PBXNativeTarget "mvvm" */ = {
			isa = XCConfigurationList;
			buildConfigurations = (
				ECEAB34426D56C36002D56A5 /* Debug */,
				ECEAB34526D56C36002D56A5 /* Release */,
			);
			defaultConfigurationIsVisible = 0;
			defaultConfigurationName = Release;
		};
/* End XCConfigurationList section */
	};
	rootObject = ECEAB32726D56C34002D56A5 /* Project object */;
}
